
Microsoft Visual Studio Solution File, Format Version 12.00
# Visual Studio Version 16
VisualStudioVersion = 16.0.29709.97
MinimumVisualStudioVersion = 10.0.40219.1
Project("{FAE04EC0-301F-11D3-BF4B-00C04F79EFBC}") = "DressShopView", "AbstractShopView\DressShopView.csproj", "{86C0A322-C224-4114-A945-129A6A6CBBEE}"
EndProject
Project("{9A19103F-16F7-4668-BE54-9A1E7A4F7556}") = "DressShopBusinessLogic", "AbstractShopBusinessLogic\DressShopBusinessLogic.csproj", "{95904479-6E0E-4E12-8352-8958AF268F11}"
EndProject
Project("{9A19103F-16F7-4668-BE54-9A1E7A4F7556}") = "DressShopListImplement", "ressShopListImplement\DressShopListImplement\DressShopListImplement.csproj", "{388B52A1-F9F2-485F-867E-410327D3A629}"
EndProject
Project("{9A19103F-16F7-4668-BE54-9A1E7A4F7556}") = "DressShopFileImplement", "DressShopFileImplement\DressShopFileImplement\DressShopFileImplement.csproj", "{C1EF1636-6622-4057-9E1F-C45F4761B0C1}"
EndProject
Project("{9A19103F-16F7-4668-BE54-9A1E7A4F7556}") = "DressShopDatabaseImplement", "DressShopDatabaseImplement\DressShopDatabaseImplement\DressShopDatabaseImplement.csproj", "{56BAEB8E-6E70-46C5-ACA8-D4869EE8DCD5}"
EndProject
Project("{9A19103F-16F7-4668-BE54-9A1E7A4F7556}") = "DressShopRestApi", "DressShopRestApi\DressShopRestApi\DressShopRestApi.csproj", "{196C45D2-3F09-4DB5-9E5A-7512B2F98C3C}"
EndProject
Project("{9A19103F-16F7-4668-BE54-9A1E7A4F7556}") = "DressShowClientApp", "DressShowClientApp\DressShowClientApp\DressShowClientApp.csproj", "{A4C56869-79F9-47DD-B206-95E78844798A}"
EndProject
Global
	GlobalSection(SolutionConfigurationPlatforms) = preSolution
		Debug|Any CPU = Debug|Any CPU
		Release|Any CPU = Release|Any CPU
	EndGlobalSection
	GlobalSection(ProjectConfigurationPlatforms) = postSolution
		{86C0A322-C224-4114-A945-129A6A6CBBEE}.Debug|Any CPU.ActiveCfg = Debug|Any CPU
		{86C0A322-C224-4114-A945-129A6A6CBBEE}.Debug|Any CPU.Build.0 = Debug|Any CPU
		{86C0A322-C224-4114-A945-129A6A6CBBEE}.Release|Any CPU.ActiveCfg = Release|Any CPU
		{86C0A322-C224-4114-A945-129A6A6CBBEE}.Release|Any CPU.Build.0 = Release|Any CPU
		{95904479-6E0E-4E12-8352-8958AF268F11}.Debug|Any CPU.ActiveCfg = Debug|Any CPU
		{95904479-6E0E-4E12-8352-8958AF268F11}.Debug|Any CPU.Build.0 = Debug|Any CPU
		{95904479-6E0E-4E12-8352-8958AF268F11}.Release|Any CPU.ActiveCfg = Release|Any CPU
		{95904479-6E0E-4E12-8352-8958AF268F11}.Release|Any CPU.Build.0 = Release|Any CPU
		{388B52A1-F9F2-485F-867E-410327D3A629}.Debug|Any CPU.ActiveCfg = Debug|Any CPU
		{388B52A1-F9F2-485F-867E-410327D3A629}.Debug|Any CPU.Build.0 = Debug|Any CPU
		{388B52A1-F9F2-485F-867E-410327D3A629}.Release|Any CPU.ActiveCfg = Release|Any CPU
		{388B52A1-F9F2-485F-867E-410327D3A629}.Release|Any CPU.Build.0 = Release|Any CPU
		{C1EF1636-6622-4057-9E1F-C45F4761B0C1}.Debug|Any CPU.ActiveCfg = Debug|Any CPU
		{C1EF1636-6622-4057-9E1F-C45F4761B0C1}.Debug|Any CPU.Build.0 = Debug|Any CPU
		{C1EF1636-6622-4057-9E1F-C45F4761B0C1}.Release|Any CPU.ActiveCfg = Release|Any CPU
		{C1EF1636-6622-4057-9E1F-C45F4761B0C1}.Release|Any CPU.Build.0 = Release|Any CPU
		{56BAEB8E-6E70-46C5-ACA8-D4869EE8DCD5}.Debug|Any CPU.ActiveCfg = Debug|Any CPU
		{56BAEB8E-6E70-46C5-ACA8-D4869EE8DCD5}.Debug|Any CPU.Build.0 = Debug|Any CPU
		{56BAEB8E-6E70-46C5-ACA8-D4869EE8DCD5}.Release|Any CPU.ActiveCfg = Release|Any CPU
		{56BAEB8E-6E70-46C5-ACA8-D4869EE8DCD5}.Release|Any CPU.Build.0 = Release|Any CPU
		{196C45D2-3F09-4DB5-9E5A-7512B2F98C3C}.Debug|Any CPU.ActiveCfg = Debug|Any CPU
		{196C45D2-3F09-4DB5-9E5A-7512B2F98C3C}.Debug|Any CPU.Build.0 = Debug|Any CPU
		{196C45D2-3F09-4DB5-9E5A-7512B2F98C3C}.Release|Any CPU.ActiveCfg = Release|Any CPU
		{196C45D2-3F09-4DB5-9E5A-7512B2F98C3C}.Release|Any CPU.Build.0 = Release|Any CPU
		{A4C56869-79F9-47DD-B206-95E78844798A}.Debug|Any CPU.ActiveCfg = Debug|Any CPU
		{A4C56869-79F9-47DD-B206-95E78844798A}.Debug|Any CPU.Build.0 = Debug|Any CPU
		{A4C56869-79F9-47DD-B206-95E78844798A}.Release|Any CPU.ActiveCfg = Release|Any CPU
		{A4C56869-79F9-47DD-B206-95E78844798A}.Release|Any CPU.Build.0 = Release|Any CPU
	EndGlobalSection
	GlobalSection(SolutionProperties) = preSolution
		HideSolutionNode = FALSE
	EndGlobalSection
	GlobalSection(ExtensibilityGlobals) = postSolution
		SolutionGuid = {F2E97E5F-AFBF-4D73-BADE-26F49C183C46}
	EndGlobalSection
EndGlobal
